
Microsoft Visual Studio Solution File, Format Version 12.00
# Visual Studio Version 17
VisualStudioVersion = 17.9.34728.123
MinimumVisualStudioVersion = 10.0.40219.1
Project("{FAE04EC0-301F-11D3-BF4B-00C04F79EFBC}") = "CloudWebApi", "CloudWebApi.csproj", "{9565123C-BCC3-4157-B282-A88982735332}"
EndProject
Global
	GlobalSection(SolutionConfigurationPlatforms) = preSolution
		Debug|Any CPU = Debug|Any CPU
		Release|Any CPU = Release|Any CPU
	EndGlobalSection
	GlobalSection(ProjectConfigurationPlatforms) = postSolution
		{9565123C-BCC3-4157-B282-A88982735332}.Debug|Any CPU.ActiveCfg = Debug|Any CPU
		{9565123C-BCC3-4157-B282-A88982735332}.Debug|Any CPU.Build.0 = Debug|Any CPU
		{9565123C-BCC3-4157-B282-A88982735332}.Release|Any CPU.ActiveCfg = Release|Any CPU
		{9565123C-BCC3-4157-B282-A88982735332}.Release|Any CPU.Build.0 = Release|Any CPU
	EndGlobalSection
	GlobalSection(SolutionProperties) = preSolution
		HideSolutionNode = FALSE
	EndGlobalSection
	GlobalSection(ExtensibilityGlobals) = postSolution
		SolutionGuid = {269A3265-7347-4635-9386-507B33539DFD}
	EndGlobalSection
EndGlobal
