
Microsoft Visual Studio Solution File, Format Version 12.00
# Visual Studio Version 17
VisualStudioVersion = 17.9.34728.123
MinimumVisualStudioVersion = 10.0.40219.1
Project("{FAE04EC0-301F-11D3-BF4B-00C04F79EFBC}") = "Sql_Connection", "Sql_Connection\Sql_Connection.csproj", "{26C1A363-2444-4F42-8C16-9C4473CCA761}"
EndProject
Global
	GlobalSection(SolutionConfigurationPlatforms) = preSolution
		Debug|Any CPU = Debug|Any CPU
		Release|Any CPU = Release|Any CPU
	EndGlobalSection
	GlobalSection(ProjectConfigurationPlatforms) = postSolution
		{26C1A363-2444-4F42-8C16-9C4473CCA761}.Debug|Any CPU.ActiveCfg = Debug|Any CPU
		{26C1A363-2444-4F42-8C16-9C4473CCA761}.Debug|Any CPU.Build.0 = Debug|Any CPU
		{26C1A363-2444-4F42-8C16-9C4473CCA761}.Release|Any CPU.ActiveCfg = Release|Any CPU
		{26C1A363-2444-4F42-8C16-9C4473CCA761}.Release|Any CPU.Build.0 = Release|Any CPU
	EndGlobalSection
	GlobalSection(SolutionProperties) = preSolution
		HideSolutionNode = FALSE
	EndGlobalSection
	GlobalSection(ExtensibilityGlobals) = postSolution
		SolutionGuid = {33ACFCC3-EB45-4DE1-B5F0-CCC6BEE03D6B}
	EndGlobalSection
EndGlobal
