
Microsoft Visual Studio Solution File, Format Version 12.00
# Visual Studio Version 17
VisualStudioVersion = 17.9.34723.18
MinimumVisualStudioVersion = 10.0.40219.1
Project("{FAE04EC0-301F-11D3-BF4B-00C04F79EFBC}") = "5", "5\5.csproj", "{ABB7F607-9F09-4907-A5ED-40F54E034768}"
EndProject
Global
	GlobalSection(SolutionConfigurationPlatforms) = preSolution
		Debug|Any CPU = Debug|Any CPU
		Release|Any CPU = Release|Any CPU
	EndGlobalSection
	GlobalSection(ProjectConfigurationPlatforms) = postSolution
		{ABB7F607-9F09-4907-A5ED-40F54E034768}.Debug|Any CPU.ActiveCfg = Debug|Any CPU
		{ABB7F607-9F09-4907-A5ED-40F54E034768}.Debug|Any CPU.Build.0 = Debug|Any CPU
		{ABB7F607-9F09-4907-A5ED-40F54E034768}.Release|Any CPU.ActiveCfg = Release|Any CPU
		{ABB7F607-9F09-4907-A5ED-40F54E034768}.Release|Any CPU.Build.0 = Release|Any CPU
	EndGlobalSection
	GlobalSection(SolutionProperties) = preSolution
		HideSolutionNode = FALSE
	EndGlobalSection
	GlobalSection(ExtensibilityGlobals) = postSolution
		SolutionGuid = {BBFA6CE9-78A2-4E0E-8194-904179A8CCBF}
	EndGlobalSection
EndGlobal
